// !$*UTF8*$!
{
	archiveVersion = 1;
	classes = {
	};
	objectVersion = 46;
	objects = {

/* Begin PBXBuildFile section */
		B9EBBAF81F1FAD8A00C566C7 /* AppDelegate.swift in Sources */ = {isa = PBXBuildFile; fileRef = B9EBBAF71F1FAD8A00C566C7 /* AppDelegate.swift */; };
		B9EBBAFA1F1FAD8A00C566C7 /* ViewController.swift in Sources */ = {isa = PBXBuildFile; fileRef = B9EBBAF91F1FAD8A00C566C7 /* ViewController.swift */; };
		B9EBBAFD1F1FAD8A00C566C7 /* Main.storyboard in Resources */ = {isa = PBXBuildFile; fileRef = B9EBBAFB1F1FAD8A00C566C7 /* Main.storyboard */; };
		B9EBBAFF1F1FAD8A00C566C7 /* Assets.xcassets in Resources */ = {isa = PBXBuildFile; fileRef = B9EBBAFE1F1FAD8A00C566C7 /* Assets.xcassets */; };
		B9EBBB021F1FAD8A00C566C7 /* LaunchScreen.storyboard in Resources */ = {isa = PBXBuildFile; fileRef = B9EBBB001F1FAD8A00C566C7 /* LaunchScreen.storyboard */; };
		B9EBBB0D1F1FAD8A00C566C7 /* remoteTests.swift in Sources */ = {isa = PBXBuildFile; fileRef = B9EBBB0C1F1FAD8A00C566C7 /* remoteTests.swift */; };
		B9EBBB181F1FAD8A00C566C7 /* remoteUITests.swift in Sources */ = {isa = PBXBuildFile; fileRef = B9EBBB171F1FAD8A00C566C7 /* remoteUITests.swift */; };
		B9EBBB281F1FC64C00C566C7 /* ChronoWebMedium.ttf in Resources */ = {isa = PBXBuildFile; fileRef = B9EBBB271F1FC64C00C566C7 /* ChronoWebMedium.ttf */; };
/* End PBXBuildFile section */

/* Begin PBXContainerItemProxy section */
		B9EBBB091F1FAD8A00C566C7 /* PBXContainerItemProxy */ = {
			isa = PBXContainerItemProxy;
			containerPortal = B9EBBAEC1F1FAD8A00C566C7 /* Project object */;
			proxyType = 1;
			remoteGlobalIDString = B9EBBAF31F1FAD8A00C566C7;
			remoteInfo = remote;
		};
		B9EBBB141F1FAD8A00C566C7 /* PBXContainerItemProxy */ = {
			isa = PBXContainerItemProxy;
			containerPortal = B9EBBAEC1F1FAD8A00C566C7 /* Project object */;
			proxyType = 1;
			remoteGlobalIDString = B9EBBAF31F1FAD8A00C566C7;
			remoteInfo = remote;
		};
/* End PBXContainerItemProxy section */

/* Begin PBXFileReference section */
		B9EBBAF41F1FAD8A00C566C7 /* remote.app */ = {isa = PBXFileReference; explicitFileType = wrapper.application; includeInIndex = 0; path = remote.app; sourceTree = BUILT_PRODUCTS_DIR; };
		B9EBBAF71F1FAD8A00C566C7 /* AppDelegate.swift */ = {isa = PBXFileReference; lastKnownFileType = sourcecode.swift; path = AppDelegate.swift; sourceTree = "<group>"; };
		B9EBBAF91F1FAD8A00C566C7 /* ViewController.swift */ = {isa = PBXFileReference; lastKnownFileType = sourcecode.swift; path = ViewController.swift; sourceTree = "<group>"; };
		B9EBBAFC1F1FAD8A00C566C7 /* Base */ = {isa = PBXFileReference; lastKnownFileType = file.storyboard; name = Base; path = Base.lproj/Main.storyboard; sourceTree = "<group>"; };
		B9EBBAFE1F1FAD8A00C566C7 /* Assets.xcassets */ = {isa = PBXFileReference; lastKnownFileType = folder.assetcatalog; path = Assets.xcassets; sourceTree = "<group>"; };
		B9EBBB011F1FAD8A00C566C7 /* Base */ = {isa = PBXFileReference; lastKnownFileType = file.storyboard; name = Base; path = Base.lproj/LaunchScreen.storyboard; sourceTree = "<group>"; };
		B9EBBB031F1FAD8A00C566C7 /* Info.plist */ = {isa = PBXFileReference; lastKnownFileType = text.plist.xml; path = Info.plist; sourceTree = "<group>"; };
		B9EBBB081F1FAD8A00C566C7 /* remoteTests.xctest */ = {isa = PBXFileReference; explicitFileType = wrapper.cfbundle; includeInIndex = 0; path = remoteTests.xctest; sourceTree = BUILT_PRODUCTS_DIR; };
		B9EBBB0C1F1FAD8A00C566C7 /* remoteTests.swift */ = {isa = PBXFileReference; lastKnownFileType = sourcecode.swift; path = remoteTests.swift; sourceTree = "<group>"; };
		B9EBBB0E1F1FAD8A00C566C7 /* Info.plist */ = {isa = PBXFileReference; lastKnownFileType = text.plist.xml; path = Info.plist; sourceTree = "<group>"; };
		B9EBBB131F1FAD8A00C566C7 /* remoteUITests.xctest */ = {isa = PBXFileReference; explicitFileType = wrapper.cfbundle; includeInIndex = 0; path = remoteUITests.xctest; sourceTree = BUILT_PRODUCTS_DIR; };
		B9EBBB171F1FAD8A00C566C7 /* remoteUITests.swift */ = {isa = PBXFileReference; lastKnownFileType = sourcecode.swift; path = remoteUITests.swift; sourceTree = "<group>"; };
		B9EBBB191F1FAD8A00C566C7 /* Info.plist */ = {isa = PBXFileReference; lastKnownFileType = text.plist.xml; path = Info.plist; sourceTree = "<group>"; };
		B9EBBB271F1FC64C00C566C7 /* ChronoWebMedium.ttf */ = {isa = PBXFileReference; lastKnownFileType = file; path = ChronoWebMedium.ttf; sourceTree = "<group>"; };
/* End PBXFileReference section */

/* Begin PBXFrameworksBuildPhase section */
		B9EBBAF11F1FAD8A00C566C7 /* Frameworks */ = {
			isa = PBXFrameworksBuildPhase;
			buildActionMask = 2147483647;
			files = (
			);
			runOnlyForDeploymentPostprocessing = 0;
		};
		B9EBBB051F1FAD8A00C566C7 /* Frameworks */ = {
			isa = PBXFrameworksBuildPhase;
			buildActionMask = 2147483647;
			files = (
			);
			runOnlyForDeploymentPostprocessing = 0;
		};
		B9EBBB101F1FAD8A00C566C7 /* Frameworks */ = {
			isa = PBXFrameworksBuildPhase;
			buildActionMask = 2147483647;
			files = (
			);
			runOnlyForDeploymentPostprocessing = 0;
		};
/* End PBXFrameworksBuildPhase section */

/* Begin PBXGroup section */
		B9EBBAEB1F1FAD8A00C566C7 = {
			isa = PBXGroup;
			children = (
				B9EBBB291F1FC65700C566C7 /* resources */,
				B9EBBAF61F1FAD8A00C566C7 /* remote */,
				B9EBBB0B1F1FAD8A00C566C7 /* remoteTests */,
				B9EBBB161F1FAD8A00C566C7 /* remoteUITests */,
				B9EBBAF51F1FAD8A00C566C7 /* Products */,
			);
			sourceTree = "<group>";
		};
		B9EBBAF51F1FAD8A00C566C7 /* Products */ = {
			isa = PBXGroup;
			children = (
				B9EBBAF41F1FAD8A00C566C7 /* remote.app */,
				B9EBBB081F1FAD8A00C566C7 /* remoteTests.xctest */,
				B9EBBB131F1FAD8A00C566C7 /* remoteUITests.xctest */,
			);
			name = Products;
			sourceTree = "<group>";
		};
		B9EBBAF61F1FAD8A00C566C7 /* remote */ = {
			isa = PBXGroup;
			children = (
				B9EBBAF71F1FAD8A00C566C7 /* AppDelegate.swift */,
				B9EBBAF91F1FAD8A00C566C7 /* ViewController.swift */,
				B9EBBAFB1F1FAD8A00C566C7 /* Main.storyboard */,
				B9EBBAFE1F1FAD8A00C566C7 /* Assets.xcassets */,
				B9EBBB001F1FAD8A00C566C7 /* LaunchScreen.storyboard */,
				B9EBBB031F1FAD8A00C566C7 /* Info.plist */,
			);
			path = remote;
			sourceTree = "<group>";
		};
		B9EBBB0B1F1FAD8A00C566C7 /* remoteTests */ = {
			isa = PBXGroup;
			children = (
				B9EBBB0C1F1FAD8A00C566C7 /* remoteTests.swift */,
				B9EBBB0E1F1FAD8A00C566C7 /* Info.plist */,
			);
			path = remoteTests;
			sourceTree = "<group>";
		};
		B9EBBB161F1FAD8A00C566C7 /* remoteUITests */ = {
			isa = PBXGroup;
			children = (
				B9EBBB171F1FAD8A00C566C7 /* remoteUITests.swift */,
				B9EBBB191F1FAD8A00C566C7 /* Info.plist */,
			);
			path = remoteUITests;
			sourceTree = "<group>";
		};
		B9EBBB291F1FC65700C566C7 /* resources */ = {
			isa = PBXGroup;
			children = (
				B9EBBB271F1FC64C00C566C7 /* ChronoWebMedium.ttf */,
			);
			name = resources;
			sourceTree = "<group>";
		};
/* End PBXGroup section */

/* Begin PBXNativeTarget section */
		B9EBBAF31F1FAD8A00C566C7 /* remote */ = {
			isa = PBXNativeTarget;
			buildConfigurationList = B9EBBB1C1F1FAD8A00C566C7 /* Build configuration list for PBXNativeTarget "remote" */;
			buildPhases = (
				B9EBBAF01F1FAD8A00C566C7 /* Sources */,
				B9EBBAF11F1FAD8A00C566C7 /* Frameworks */,
				B9EBBAF21F1FAD8A00C566C7 /* Resources */,
			);
			buildRules = (
			);
			dependencies = (
			);
			name = remote;
			productName = remote;
			productReference = B9EBBAF41F1FAD8A00C566C7 /* remote.app */;
			productType = "com.apple.product-type.application";
		};
		B9EBBB071F1FAD8A00C566C7 /* remoteTests */ = {
			isa = PBXNativeTarget;
			buildConfigurationList = B9EBBB1F1F1FAD8A00C566C7 /* Build configuration list for PBXNativeTarget "remoteTests" */;
			buildPhases = (
				B9EBBB041F1FAD8A00C566C7 /* Sources */,
				B9EBBB051F1FAD8A00C566C7 /* Frameworks */,
				B9EBBB061F1FAD8A00C566C7 /* Resources */,
			);
			buildRules = (
			);
			dependencies = (
				B9EBBB0A1F1FAD8A00C566C7 /* PBXTargetDependency */,
			);
			name = remoteTests;
			productName = remoteTests;
			productReference = B9EBBB081F1FAD8A00C566C7 /* remoteTests.xctest */;
			productType = "com.apple.product-type.bundle.unit-test";
		};
		B9EBBB121F1FAD8A00C566C7 /* remoteUITests */ = {
			isa = PBXNativeTarget;
			buildConfigurationList = B9EBBB221F1FAD8A00C566C7 /* Build configuration list for PBXNativeTarget "remoteUITests" */;
			buildPhases = (
				B9EBBB0F1F1FAD8A00C566C7 /* Sources */,
				B9EBBB101F1FAD8A00C566C7 /* Frameworks */,
				B9EBBB111F1FAD8A00C566C7 /* Resources */,
			);
			buildRules = (
			);
			dependencies = (
				B9EBBB151F1FAD8A00C566C7 /* PBXTargetDependency */,
			);
			name = remoteUITests;
			productName = remoteUITests;
			productReference = B9EBBB131F1FAD8A00C566C7 /* remoteUITests.xctest */;
			productType = "com.apple.product-type.bundle.ui-testing";
		};
/* End PBXNativeTarget section */

/* Begin PBXProject section */
		B9EBBAEC1F1FAD8A00C566C7 /* Project object */ = {
			isa = PBXProject;
			attributes = {
				LastSwiftUpdateCheck = 0830;
				LastUpgradeCheck = 0830;
				ORGANIZATIONNAME = "Michiel Renty";
				TargetAttributes = {
					B9EBBAF31F1FAD8A00C566C7 = {
						CreatedOnToolsVersion = 8.3.3;
						ProvisioningStyle = Automatic;
					};
					B9EBBB071F1FAD8A00C566C7 = {
						CreatedOnToolsVersion = 8.3.3;
						ProvisioningStyle = Automatic;
						TestTargetID = B9EBBAF31F1FAD8A00C566C7;
					};
					B9EBBB121F1FAD8A00C566C7 = {
						CreatedOnToolsVersion = 8.3.3;
						ProvisioningStyle = Automatic;
						TestTargetID = B9EBBAF31F1FAD8A00C566C7;
					};
				};
			};
			buildConfigurationList = B9EBBAEF1F1FAD8A00C566C7 /* Build configuration list for PBXProject "remote" */;
			compatibilityVersion = "Xcode 3.2";
			developmentRegion = English;
			hasScannedForEncodings = 0;
			knownRegions = (
				en,
				Base,
			);
			mainGroup = B9EBBAEB1F1FAD8A00C566C7;
			productRefGroup = B9EBBAF51F1FAD8A00C566C7 /* Products */;
			projectDirPath = "";
			projectRoot = "";
			targets = (
				B9EBBAF31F1FAD8A00C566C7 /* remote */,
				B9EBBB071F1FAD8A00C566C7 /* remoteTests */,
				B9EBBB121F1FAD8A00C566C7 /* remoteUITests */,
			);
		};
/* End PBXProject section */

/* Begin PBXResourcesBuildPhase section */
		B9EBBAF21F1FAD8A00C566C7 /* Resources */ = {
			isa = PBXResourcesBuildPhase;
			buildActionMask = 2147483647;
			files = (
				B9EBBB021F1FAD8A00C566C7 /* LaunchScreen.storyboard in Resources */,
				B9EBBAFF1F1FAD8A00C566C7 /* Assets.xcassets in Resources */,
				B9EBBAFD1F1FAD8A00C566C7 /* Main.storyboard in Resources */,
				B9EBBB281F1FC64C00C566C7 /* ChronoWebMedium.ttf in Resources */,
			);
			runOnlyForDeploymentPostprocessing = 0;
		};
		B9EBBB061F1FAD8A00C566C7 /* Resources */ = {
			isa = PBXResourcesBuildPhase;
			buildActionMask = 2147483647;
			files = (
			);
			runOnlyForDeploymentPostprocessing = 0;
		};
		B9EBBB111F1FAD8A00C566C7 /* Resources */ = {
			isa = PBXResourcesBuildPhase;
			buildActionMask = 2147483647;
			files = (
			);
			runOnlyForDeploymentPostprocessing = 0;
		};
/* End PBXResourcesBuildPhase section */

/* Begin PBXSourcesBuildPhase section */
		B9EBBAF01F1FAD8A00C566C7 /* Sources */ = {
			isa = PBXSourcesBuildPhase;
			buildActionMask = 2147483647;
			files = (
				B9EBBAFA1F1FAD8A00C566C7 /* ViewController.swift in Sources */,
				B9EBBAF81F1FAD8A00C566C7 /* AppDelegate.swift in Sources */,
			);
			runOnlyForDeploymentPostprocessing = 0;
		};
		B9EBBB041F1FAD8A00C566C7 /* Sources */ = {
			isa = PBXSourcesBuildPhase;
			buildActionMask = 2147483647;
			files = (
				B9EBBB0D1F1FAD8A00C566C7 /* remoteTests.swift in Sources */,
			);
			runOnlyForDeploymentPostprocessing = 0;
		};
		B9EBBB0F1F1FAD8A00C566C7 /* Sources */ = {
			isa = PBXSourcesBuildPhase;
			buildActionMask = 2147483647;
			files = (
				B9EBBB181F1FAD8A00C566C7 /* remoteUITests.swift in Sources */,
			);
			runOnlyForDeploymentPostprocessing = 0;
		};
/* End PBXSourcesBuildPhase section */

/* Begin PBXTargetDependency section */
		B9EBBB0A1F1FAD8A00C566C7 /* PBXTargetDependency */ = {
			isa = PBXTargetDependency;
			target = B9EBBAF31F1FAD8A00C566C7 /* remote */;
			targetProxy = B9EBBB091F1FAD8A00C566C7 /* PBXContainerItemProxy */;
		};
		B9EBBB151F1FAD8A00C566C7 /* PBXTargetDependency */ = {
			isa = PBXTargetDependency;
			target = B9EBBAF31F1FAD8A00C566C7 /* remote */;
			targetProxy = B9EBBB141F1FAD8A00C566C7 /* PBXContainerItemProxy */;
		};
/* End PBXTargetDependency section */

/* Begin PBXVariantGroup section */
		B9EBBAFB1F1FAD8A00C566C7 /* Main.storyboard */ = {
			isa = PBXVariantGroup;
			children = (
				B9EBBAFC1F1FAD8A00C566C7 /* Base */,
			);
			name = Main.storyboard;
			sourceTree = "<group>";
		};
		B9EBBB001F1FAD8A00C566C7 /* LaunchScreen.storyboard */ = {
			isa = PBXVariantGroup;
			children = (
				B9EBBB011F1FAD8A00C566C7 /* Base */,
			);
			name = LaunchScreen.storyboard;
			sourceTree = "<group>";
		};
/* End PBXVariantGroup section */

/* Begin XCBuildConfiguration section */
		B9EBBB1A1F1FAD8A00C566C7 /* Debug */ = {
			isa = XCBuildConfiguration;
			buildSettings = {
				ALWAYS_SEARCH_USER_PATHS = NO;
				CLANG_ANALYZER_NONNULL = YES;
				CLANG_ANALYZER_NUMBER_OBJECT_CONVERSION = YES_AGGRESSIVE;
				CLANG_CXX_LANGUAGE_STANDARD = "gnu++0x";
				CLANG_CXX_LIBRARY = "libc++";
				CLANG_ENABLE_MODULES = YES;
				CLANG_ENABLE_OBJC_ARC = YES;
				CLANG_WARN_BOOL_CONVERSION = YES;
				CLANG_WARN_CONSTANT_CONVERSION = YES;
				CLANG_WARN_DIRECT_OBJC_ISA_USAGE = YES_ERROR;
				CLANG_WARN_DOCUMENTATION_COMMENTS = YES;
				CLANG_WARN_EMPTY_BODY = YES;
				CLANG_WARN_ENUM_CONVERSION = YES;
				CLANG_WARN_INFINITE_RECURSION = YES;
				CLANG_WARN_INT_CONVERSION = YES;
				CLANG_WARN_OBJC_ROOT_CLASS = YES_ERROR;
				CLANG_WARN_SUSPICIOUS_MOVE = YES;
				CLANG_WARN_UNREACHABLE_CODE = YES;
				CLANG_WARN__DUPLICATE_METHOD_MATCH = YES;
				"CODE_SIGN_IDENTITY[sdk=iphoneos*]" = "iPhone Developer";
				COPY_PHASE_STRIP = NO;
				DEBUG_INFORMATION_FORMAT = dwarf;
				ENABLE_STRICT_OBJC_MSGSEND = YES;
				ENABLE_TESTABILITY = YES;
				GCC_C_LANGUAGE_STANDARD = gnu99;
				GCC_DYNAMIC_NO_PIC = NO;
				GCC_NO_COMMON_BLOCKS = YES;
				GCC_OPTIMIZATION_LEVEL = 0;
				GCC_PREPROCESSOR_DEFINITIONS = (
					"DEBUG=1",
					"$(inherited)",
				);
				GCC_WARN_64_TO_32_BIT_CONVERSION = YES;
				GCC_WARN_ABOUT_RETURN_TYPE = YES_ERROR;
				GCC_WARN_UNDECLARED_SELECTOR = YES;
				GCC_WARN_UNINITIALIZED_AUTOS = YES_AGGRESSIVE;
				GCC_WARN_UNUSED_FUNCTION = YES;
				GCC_WARN_UNUSED_VARIABLE = YES;
				IPHONEOS_DEPLOYMENT_TARGET = 10.3;
				MTL_ENABLE_DEBUG_INFO = YES;
				ONLY_ACTIVE_ARCH = YES;
				SDKROOT = iphoneos;
				SWIFT_ACTIVE_COMPILATION_CONDITIONS = DEBUG;
				SWIFT_OPTIMIZATION_LEVEL = "-Onone";
			};
			name = Debug;
		};
		B9EBBB1B1F1FAD8A00C566C7 /* Release */ = {
			isa = XCBuildConfiguration;
			buildSettings = {
				ALWAYS_SEARCH_USER_PATHS = NO;
				CLANG_ANALYZER_NONNULL = YES;
				CLANG_ANALYZER_NUMBER_OBJECT_CONVERSION = YES_AGGRESSIVE;
				CLANG_CXX_LANGUAGE_STANDARD = "gnu++0x";
				CLANG_CXX_LIBRARY = "libc++";
				CLANG_ENABLE_MODULES = YES;
				CLANG_ENABLE_OBJC_ARC = YES;
				CLANG_WARN_BOOL_CONVERSION = YES;
				CLANG_WARN_CONSTANT_CONVERSION = YES;
				CLANG_WARN_DIRECT_OBJC_ISA_USAGE = YES_ERROR;
				CLANG_WARN_DOCUMENTATION_COMMENTS = YES;
				CLANG_WARN_EMPTY_BODY = YES;
				CLANG_WARN_ENUM_CONVERSION = YES;
				CLANG_WARN_INFINITE_RECURSION = YES;
				CLANG_WARN_INT_CONVERSION = YES;
				CLANG_WARN_OBJC_ROOT_CLASS = YES_ERROR;
				CLANG_WARN_SUSPICIOUS_MOVE = YES;
				CLANG_WARN_UNREACHABLE_CODE = YES;
				CLANG_WARN__DUPLICATE_METHOD_MATCH = YES;
				"CODE_SIGN_IDENTITY[sdk=iphoneos*]" = "iPhone Developer";
				COPY_PHASE_STRIP = NO;
				DEBUG_INFORMATION_FORMAT = "dwarf-with-dsym";
				ENABLE_NS_ASSERTIONS = NO;
				ENABLE_STRICT_OBJC_MSGSEND = YES;
				GCC_C_LANGUAGE_STANDARD = gnu99;
				GCC_NO_COMMON_BLOCKS = YES;
				GCC_WARN_64_TO_32_BIT_CONVERSION = YES;
				GCC_WARN_ABOUT_RETURN_TYPE = YES_ERROR;
				GCC_WARN_UNDECLARED_SELECTOR = YES;
				GCC_WARN_UNINITIALIZED_AUTOS = YES_AGGRESSIVE;
				GCC_WARN_UNUSED_FUNCTION = YES;
				GCC_WARN_UNUSED_VARIABLE = YES;
				IPHONEOS_DEPLOYMENT_TARGET = 10.3;
				MTL_ENABLE_DEBUG_INFO = NO;
				SDKROOT = iphoneos;
				SWIFT_OPTIMIZATION_LEVEL = "-Owholemodule";
				VALIDATE_PRODUCT = YES;
			};
			name = Release;
		};
		B9EBBB1D1F1FAD8A00C566C7 /* Debug */ = {
			isa = XCBuildConfiguration;
			buildSettings = {
				ASSETCATALOG_COMPILER_APPICON_NAME = AppIcon;
				INFOPLIST_FILE = remote/Info.plist;
				LD_RUNPATH_SEARCH_PATHS = "$(inherited) @executable_path/Frameworks";
				PRODUCT_BUNDLE_IDENTIFIER = chessur.remote;
				PRODUCT_NAME = "$(TARGET_NAME)";
				SWIFT_VERSION = 3.0;
			};
			name = Debug;
		};
		B9EBBB1E1F1FAD8A00C566C7 /* Release */ = {
			isa = XCBuildConfiguration;
			buildSettings = {
				ASSETCATALOG_COMPILER_APPICON_NAME = AppIcon;
				INFOPLIST_FILE = remote/Info.plist;
				LD_RUNPATH_SEARCH_PATHS = "$(inherited) @executable_path/Frameworks";
				PRODUCT_BUNDLE_IDENTIFIER = chessur.remote;
				PRODUCT_NAME = "$(TARGET_NAME)";
				SWIFT_VERSION = 3.0;
			};
			name = Release;
		};
		B9EBBB201F1FAD8A00C566C7 /* Debug */ = {
			isa = XCBuildConfiguration;
			buildSettings = {
				ALWAYS_EMBED_SWIFT_STANDARD_LIBRARIES = YES;
				BUNDLE_LOADER = "$(TEST_HOST)";
				INFOPLIST_FILE = remoteTests/Info.plist;
				LD_RUNPATH_SEARCH_PATHS = "$(inherited) @executable_path/Frameworks @loader_path/Frameworks";
				PRODUCT_BUNDLE_IDENTIFIER = chessur.remoteTests;
				PRODUCT_NAME = "$(TARGET_NAME)";
				SWIFT_VERSION = 3.0;
				TEST_HOST = "$(BUILT_PRODUCTS_DIR)/remote.app/remote";
			};
			name = Debug;
		};
		B9EBBB211F1FAD8A00C566C7 /* Release */ = {
			isa = XCBuildConfiguration;
			buildSettings = {
				ALWAYS_EMBED_SWIFT_STANDARD_LIBRARIES = YES;
				BUNDLE_LOADER = "$(TEST_HOST)";
				INFOPLIST_FILE = remoteTests/Info.plist;
				LD_RUNPATH_SEARCH_PATHS = "$(inherited) @executable_path/Frameworks @loader_path/Frameworks";
				PRODUCT_BUNDLE_IDENTIFIER = chessur.remoteTests;
				PRODUCT_NAME = "$(TARGET_NAME)";
				SWIFT_VERSION = 3.0;
				TEST_HOST = "$(BUILT_PRODUCTS_DIR)/remote.app/remote";
			};
			name = Release;
		};
		B9EBBB231F1FAD8A00C566C7 /* Debug */ = {
			isa = XCBuildConfiguration;
			buildSettings = {
				ALWAYS_EMBED_SWIFT_STANDARD_LIBRARIES = YES;
				INFOPLIST_FILE = remoteUITests/Info.plist;
				LD_RUNPATH_SEARCH_PATHS = "$(inherited) @executable_path/Frameworks @loader_path/Frameworks";
				PRODUCT_BUNDLE_IDENTIFIER = chessur.remoteUITests;
				PRODUCT_NAME = "$(TARGET_NAME)";
				SWIFT_VERSION = 3.0;
				TEST_TARGET_NAME = remote;
			};
			name = Debug;
		};
		B9EBBB241F1FAD8A00C566C7 /* Release */ = {
			isa = XCBuildConfiguration;
			buildSettings = {
				ALWAYS_EMBED_SWIFT_STANDARD_LIBRARIES = YES;
				INFOPLIST_FILE = remoteUITests/Info.plist;
				LD_RUNPATH_SEARCH_PATHS = "$(inherited) @executable_path/Frameworks @loader_path/Frameworks";
				PRODUCT_BUNDLE_IDENTIFIER = chessur.remoteUITests;
				PRODUCT_NAME = "$(TARGET_NAME)";
				SWIFT_VERSION = 3.0;
				TEST_TARGET_NAME = remote;
			};
			name = Release;
		};
/* End XCBuildConfiguration section */

/* Begin XCConfigurationList section */
		B9EBBAEF1F1FAD8A00C566C7 /* Build configuration list for PBXProject "remote" */ = {
			isa = XCConfigurationList;
			buildConfigurations = (
				B9EBBB1A1F1FAD8A00C566C7 /* Debug */,
				B9EBBB1B1F1FAD8A00C566C7 /* Release */,
			);
			defaultConfigurationIsVisible = 0;
			defaultConfigurationName = Release;
		};
		B9EBBB1C1F1FAD8A00C566C7 /* Build configuration list for PBXNativeTarget "remote" */ = {
			isa = XCConfigurationList;
			buildConfigurations = (
				B9EBBB1D1F1FAD8A00C566C7 /* Debug */,
				B9EBBB1E1F1FAD8A00C566C7 /* Release */,
			);
			defaultConfigurationIsVisible = 0;
		};
		B9EBBB1F1F1FAD8A00C566C7 /* Build configuration list for PBXNativeTarget "remoteTests" */ = {
			isa = XCConfigurationList;
			buildConfigurations = (
				B9EBBB201F1FAD8A00C566C7 /* Debug */,
				B9EBBB211F1FAD8A00C566C7 /* Release */,
			);
			defaultConfigurationIsVisible = 0;
		};
		B9EBBB221F1FAD8A00C566C7 /* Build configuration list for PBXNativeTarget "remoteUITests" */ = {
			isa = XCConfigurationList;
			buildConfigurations = (
				B9EBBB231F1FAD8A00C566C7 /* Debug */,
				B9EBBB241F1FAD8A00C566C7 /* Release */,
			);
			defaultConfigurationIsVisible = 0;
		};
/* End XCConfigurationList section */
	};
	rootObject = B9EBBAEC1F1FAD8A00C566C7 /* Project object */;
}
